{
  "requires": true,
  "lockfileVersion": 1,
  "dependencies": {
    "@russels-teapot/ajs": {
      "version": "1.0.0",
      "resolved": "https://npm.pkg.github.com/download/@russels-teapot/ajs/1.0.0/712c1e14334a7eddb5ed7d3d7364abf9511e0e1ddd0c78e09464052adc08648a",
      "integrity": "sha512-Di5hzfc5sT/oaI0tHAseH3SHslJw/KEtExnhWWFMDuRFc4b1bUBp0Q5g4kdRrPKiwIE4JvooW8oJGnlX7klU6A==",
      "dev": true
    }
  }
}
